
Microsoft Visual Studio Solution File, Format Version 12.00
# Visual Studio Version 17
VisualStudioVersion = 17.0.31903.59
MinimumVisualStudioVersion = 10.0.40219.1
Project("{2150E333-8FDC-42A3-9474-1A3956D46DE8}") = "src", "src", "{827E0CD3-B72D-47B6-A68D-7590B98EB39B}"
EndProject
Project("{FAE04EC0-301F-11D3-BF4B-00C04F79EFBC}") = "Tabsan.EduSphere.Web", "src\Tabsan.EduSphere.Web\Tabsan.EduSphere.Web.csproj", "{D875F67C-7582-4ECA-BF60-0A8D9F95054A}"
EndProject
Project("{FAE04EC0-301F-11D3-BF4B-00C04F79EFBC}") = "Tabsan.EduSphere.Application", "src\Tabsan.EduSphere.Application\Tabsan.EduSphere.Application.csproj", "{4C8B0D1F-D9E9-40B0-B92F-BE3BED76DA6F}"
EndProject
Project("{FAE04EC0-301F-11D3-BF4B-00C04F79EFBC}") = "Tabsan.EduSphere.Domain", "src\Tabsan.EduSphere.Domain\Tabsan.EduSphere.Domain.csproj", "{A04B4DC9-6D53-413F-8C83-D3B18D27894F}"
EndProject
Project("{FAE04EC0-301F-11D3-BF4B-00C04F79EFBC}") = "Tabsan.EduSphere.Infrastructure", "src\Tabsan.EduSphere.Infrastructure\Tabsan.EduSphere.Infrastructure.csproj", "{B97B89B0-957E-4242-8857-CC021C0C576B}"
EndProject
Project("{FAE04EC0-301F-11D3-BF4B-00C04F79EFBC}") = "Tabsan.EduSphere.API", "src\Tabsan.EduSphere.API\Tabsan.EduSphere.API.csproj", "{8C87A882-B884-46F9-B2AF-2414908E7539}"
EndProject
Project("{FAE04EC0-301F-11D3-BF4B-00C04F79EFBC}") = "Tabsan.EduSphere.BackgroundJobs", "src\Tabsan.EduSphere.BackgroundJobs\Tabsan.EduSphere.BackgroundJobs.csproj", "{9C75981C-C12F-418F-AAB9-929C078D3B5B}"
EndProject
Project("{2150E333-8FDC-42A3-9474-1A3956D46DE8}") = "tests", "tests", "{0AB3BF05-4346-4AA6-1389-037BE0695223}"
EndProject
Project("{FAE04EC0-301F-11D3-BF4B-00C04F79EFBC}") = "Tabsan.EduSphere.UnitTests", "tests\Tabsan.EduSphere.UnitTests\Tabsan.EduSphere.UnitTests.csproj", "{7EC26FB6-DC6F-4FD6-864D-794E11795456}"
EndProject
Project("{FAE04EC0-301F-11D3-BF4B-00C04F79EFBC}") = "Tabsan.EduSphere.IntegrationTests", "tests\Tabsan.EduSphere.IntegrationTests\Tabsan.EduSphere.IntegrationTests.csproj", "{C12C120B-FF83-4815-BD7B-CEDBB10D5D32}"
EndProject
Project("{FAE04EC0-301F-11D3-BF4B-00C04F79EFBC}") = "Tabsan.EduSphere.ContractTests", "tests\Tabsan.EduSphere.ContractTests\Tabsan.EduSphere.ContractTests.csproj", "{824D0683-5EC3-4327-B7E1-835981203F4B}"
EndProject
Project("{FAE04EC0-301F-11D3-BF4B-00C04F79EFBC}") = "Tabsan.EduSphere.WebIntegrationTests", "tests\Tabsan.EduSphere.WebIntegrationTests\Tabsan.EduSphere.WebIntegrationTests.csproj", "{F0ED5863-7581-4EC5-8F3B-3177C42549EC}"
EndProject
Global
	GlobalSection(SolutionConfigurationPlatforms) = preSolution
		Debug|Any CPU = Debug|Any CPU
		Debug|x64 = Debug|x64
		Debug|x86 = Debug|x86
		Release|Any CPU = Release|Any CPU
		Release|x64 = Release|x64
		Release|x86 = Release|x86
	EndGlobalSection
	GlobalSection(ProjectConfigurationPlatforms) = postSolution
		{D875F67C-7582-4ECA-BF60-0A8D9F95054A}.Debug|Any CPU.ActiveCfg = Debug|Any CPU
		{D875F67C-7582-4ECA-BF60-0A8D9F95054A}.Debug|Any CPU.Build.0 = Debug|Any CPU
		{D875F67C-7582-4ECA-BF60-0A8D9F95054A}.Debug|x64.ActiveCfg = Debug|Any CPU
		{D875F67C-7582-4ECA-BF60-0A8D9F95054A}.Debug|x64.Build.0 = Debug|Any CPU
		{D875F67C-7582-4ECA-BF60-0A8D9F95054A}.Debug|x86.ActiveCfg = Debug|Any CPU
		{D875F67C-7582-4ECA-BF60-0A8D9F95054A}.Debug|x86.Build.0 = Debug|Any CPU
		{D875F67C-7582-4ECA-BF60-0A8D9F95054A}.Release|Any CPU.ActiveCfg = Release|Any CPU
		{D875F67C-7582-4ECA-BF60-0A8D9F95054A}.Release|Any CPU.Build.0 = Release|Any CPU
		{D875F67C-7582-4ECA-BF60-0A8D9F95054A}.Release|x64.ActiveCfg = Release|Any CPU
		{D875F67C-7582-4ECA-BF60-0A8D9F95054A}.Release|x64.Build.0 = Release|Any CPU
		{D875F67C-7582-4ECA-BF60-0A8D9F95054A}.Release|x86.ActiveCfg = Release|Any CPU
		{D875F67C-7582-4ECA-BF60-0A8D9F95054A}.Release|x86.Build.0 = Release|Any CPU
		{4C8B0D1F-D9E9-40B0-B92F-BE3BED76DA6F}.Debug|Any CPU.ActiveCfg = Debug|Any CPU
		{4C8B0D1F-D9E9-40B0-B92F-BE3BED76DA6F}.Debug|Any CPU.Build.0 = Debug|Any CPU
		{4C8B0D1F-D9E9-40B0-B92F-BE3BED76DA6F}.Debug|x64.ActiveCfg = Debug|Any CPU
		{4C8B0D1F-D9E9-40B0-B92F-BE3BED76DA6F}.Debug|x64.Build.0 = Debug|Any CPU
		{4C8B0D1F-D9E9-40B0-B92F-BE3BED76DA6F}.Debug|x86.ActiveCfg = Debug|Any CPU
		{4C8B0D1F-D9E9-40B0-B92F-BE3BED76DA6F}.Debug|x86.Build.0 = Debug|Any CPU
		{4C8B0D1F-D9E9-40B0-B92F-BE3BED76DA6F}.Release|Any CPU.ActiveCfg = Release|Any CPU
		{4C8B0D1F-D9E9-40B0-B92F-BE3BED76DA6F}.Release|Any CPU.Build.0 = Release|Any CPU
		{4C8B0D1F-D9E9-40B0-B92F-BE3BED76DA6F}.Release|x64.ActiveCfg = Release|Any CPU
		{4C8B0D1F-D9E9-40B0-B92F-BE3BED76DA6F}.Release|x64.Build.0 = Release|Any CPU
		{4C8B0D1F-D9E9-40B0-B92F-BE3BED76DA6F}.Release|x86.ActiveCfg = Release|Any CPU
		{4C8B0D1F-D9E9-40B0-B92F-BE3BED76DA6F}.Release|x86.Build.0 = Release|Any CPU
		{A04B4DC9-6D53-413F-8C83-D3B18D27894F}.Debug|Any CPU.ActiveCfg = Debug|Any CPU
		{A04B4DC9-6D53-413F-8C83-D3B18D27894F}.Debug|Any CPU.Build.0 = Debug|Any CPU
		{A04B4DC9-6D53-413F-8C83-D3B18D27894F}.Debug|x64.ActiveCfg = Debug|Any CPU
		{A04B4DC9-6D53-413F-8C83-D3B18D27894F}.Debug|x64.Build.0 = Debug|Any CPU
		{A04B4DC9-6D53-413F-8C83-D3B18D27894F}.Debug|x86.ActiveCfg = Debug|Any CPU
		{A04B4DC9-6D53-413F-8C83-D3B18D27894F}.Debug|x86.Build.0 = Debug|Any CPU
		{A04B4DC9-6D53-413F-8C83-D3B18D27894F}.Release|Any CPU.ActiveCfg = Release|Any CPU
		{A04B4DC9-6D53-413F-8C83-D3B18D27894F}.Release|Any CPU.Build.0 = Release|Any CPU
		{A04B4DC9-6D53-413F-8C83-D3B18D27894F}.Release|x64.ActiveCfg = Release|Any CPU
		{A04B4DC9-6D53-413F-8C83-D3B18D27894F}.Release|x64.Build.0 = Release|Any CPU
		{A04B4DC9-6D53-413F-8C83-D3B18D27894F}.Release|x86.ActiveCfg = Release|Any CPU
		{A04B4DC9-6D53-413F-8C83-D3B18D27894F}.Release|x86.Build.0 = Release|Any CPU
		{B97B89B0-957E-4242-8857-CC021C0C576B}.Debug|Any CPU.ActiveCfg = Debug|Any CPU
		{B97B89B0-957E-4242-8857-CC021C0C576B}.Debug|Any CPU.Build.0 = Debug|Any CPU
		{B97B89B0-957E-4242-8857-CC021C0C576B}.Debug|x64.ActiveCfg = Debug|Any CPU
		{B97B89B0-957E-4242-8857-CC021C0C576B}.Debug|x64.Build.0 = Debug|Any CPU
		{B97B89B0-957E-4242-8857-CC021C0C576B}.Debug|x86.ActiveCfg = Debug|Any CPU
		{B97B89B0-957E-4242-8857-CC021C0C576B}.Debug|x86.Build.0 = Debug|Any CPU
		{B97B89B0-957E-4242-8857-CC021C0C576B}.Release|Any CPU.ActiveCfg = Release|Any CPU
		{B97B89B0-957E-4242-8857-CC021C0C576B}.Release|Any CPU.Build.0 = Release|Any CPU
		{B97B89B0-957E-4242-8857-CC021C0C576B}.Release|x64.ActiveCfg = Release|Any CPU
		{B97B89B0-957E-4242-8857-CC021C0C576B}.Release|x64.Build.0 = Release|Any CPU
		{B97B89B0-957E-4242-8857-CC021C0C576B}.Release|x86.ActiveCfg = Release|Any CPU
		{B97B89B0-957E-4242-8857-CC021C0C576B}.Release|x86.Build.0 = Release|Any CPU
		{8C87A882-B884-46F9-B2AF-2414908E7539}.Debug|Any CPU.ActiveCfg = Debug|Any CPU
		{8C87A882-B884-46F9-B2AF-2414908E7539}.Debug|Any CPU.Build.0 = Debug|Any CPU
		{8C87A882-B884-46F9-B2AF-2414908E7539}.Debug|x64.ActiveCfg = Debug|Any CPU
		{8C87A882-B884-46F9-B2AF-2414908E7539}.Debug|x64.Build.0 = Debug|Any CPU
		{8C87A882-B884-46F9-B2AF-2414908E7539}.Debug|x86.ActiveCfg = Debug|Any CPU
		{8C87A882-B884-46F9-B2AF-2414908E7539}.Debug|x86.Build.0 = Debug|Any CPU
		{8C87A882-B884-46F9-B2AF-2414908E7539}.Release|Any CPU.ActiveCfg = Release|Any CPU
		{8C87A882-B884-46F9-B2AF-2414908E7539}.Release|Any CPU.Build.0 = Release|Any CPU
		{8C87A882-B884-46F9-B2AF-2414908E7539}.Release|x64.ActiveCfg = Release|Any CPU
		{8C87A882-B884-46F9-B2AF-2414908E7539}.Release|x64.Build.0 = Release|Any CPU
		{8C87A882-B884-46F9-B2AF-2414908E7539}.Release|x86.ActiveCfg = Release|Any CPU
		{8C87A882-B884-46F9-B2AF-2414908E7539}.Release|x86.Build.0 = Release|Any CPU
		{9C75981C-C12F-418F-AAB9-929C078D3B5B}.Debug|Any CPU.ActiveCfg = Debug|Any CPU
		{9C75981C-C12F-418F-AAB9-929C078D3B5B}.Debug|Any CPU.Build.0 = Debug|Any CPU
		{9C75981C-C12F-418F-AAB9-929C078D3B5B}.Debug|x64.ActiveCfg = Debug|Any CPU
		{9C75981C-C12F-418F-AAB9-929C078D3B5B}.Debug|x64.Build.0 = Debug|Any CPU
		{9C75981C-C12F-418F-AAB9-929C078D3B5B}.Debug|x86.ActiveCfg = Debug|Any CPU
		{9C75981C-C12F-418F-AAB9-929C078D3B5B}.Debug|x86.Build.0 = Debug|Any CPU
		{9C75981C-C12F-418F-AAB9-929C078D3B5B}.Release|Any CPU.ActiveCfg = Release|Any CPU
		{9C75981C-C12F-418F-AAB9-929C078D3B5B}.Release|Any CPU.Build.0 = Release|Any CPU
		{9C75981C-C12F-418F-AAB9-929C078D3B5B}.Release|x64.ActiveCfg = Release|Any CPU
		{9C75981C-C12F-418F-AAB9-929C078D3B5B}.Release|x64.Build.0 = Release|Any CPU
		{9C75981C-C12F-418F-AAB9-929C078D3B5B}.Release|x86.ActiveCfg = Release|Any CPU
		{9C75981C-C12F-418F-AAB9-929C078D3B5B}.Release|x86.Build.0 = Release|Any CPU
		{7EC26FB6-DC6F-4FD6-864D-794E11795456}.Debug|Any CPU.ActiveCfg = Debug|Any CPU
		{7EC26FB6-DC6F-4FD6-864D-794E11795456}.Debug|Any CPU.Build.0 = Debug|Any CPU
		{7EC26FB6-DC6F-4FD6-864D-794E11795456}.Debug|x64.ActiveCfg = Debug|Any CPU
		{7EC26FB6-DC6F-4FD6-864D-794E11795456}.Debug|x64.Build.0 = Debug|Any CPU
		{7EC26FB6-DC6F-4FD6-864D-794E11795456}.Debug|x86.ActiveCfg = Debug|Any CPU
		{7EC26FB6-DC6F-4FD6-864D-794E11795456}.Debug|x86.Build.0 = Debug|Any CPU
		{7EC26FB6-DC6F-4FD6-864D-794E11795456}.Release|Any CPU.ActiveCfg = Release|Any CPU
		{7EC26FB6-DC6F-4FD6-864D-794E11795456}.Release|Any CPU.Build.0 = Release|Any CPU
		{7EC26FB6-DC6F-4FD6-864D-794E11795456}.Release|x64.ActiveCfg = Release|Any CPU
		{7EC26FB6-DC6F-4FD6-864D-794E11795456}.Release|x64.Build.0 = Release|Any CPU
		{7EC26FB6-DC6F-4FD6-864D-794E11795456}.Release|x86.ActiveCfg = Release|Any CPU
		{7EC26FB6-DC6F-4FD6-864D-794E11795456}.Release|x86.Build.0 = Release|Any CPU
		{C12C120B-FF83-4815-BD7B-CEDBB10D5D32}.Debug|Any CPU.ActiveCfg = Debug|Any CPU
		{C12C120B-FF83-4815-BD7B-CEDBB10D5D32}.Debug|Any CPU.Build.0 = Debug|Any CPU
		{C12C120B-FF83-4815-BD7B-CEDBB10D5D32}.Debug|x64.ActiveCfg = Debug|Any CPU
		{C12C120B-FF83-4815-BD7B-CEDBB10D5D32}.Debug|x64.Build.0 = Debug|Any CPU
		{C12C120B-FF83-4815-BD7B-CEDBB10D5D32}.Debug|x86.ActiveCfg = Debug|Any CPU
		{C12C120B-FF83-4815-BD7B-CEDBB10D5D32}.Debug|x86.Build.0 = Debug|Any CPU
		{C12C120B-FF83-4815-BD7B-CEDBB10D5D32}.Release|Any CPU.ActiveCfg = Release|Any CPU
		{C12C120B-FF83-4815-BD7B-CEDBB10D5D32}.Release|Any CPU.Build.0 = Release|Any CPU
		{C12C120B-FF83-4815-BD7B-CEDBB10D5D32}.Release|x64.ActiveCfg = Release|Any CPU
		{C12C120B-FF83-4815-BD7B-CEDBB10D5D32}.Release|x64.Build.0 = Release|Any CPU
		{C12C120B-FF83-4815-BD7B-CEDBB10D5D32}.Release|x86.ActiveCfg = Release|Any CPU
		{C12C120B-FF83-4815-BD7B-CEDBB10D5D32}.Release|x86.Build.0 = Release|Any CPU
		{824D0683-5EC3-4327-B7E1-835981203F4B}.Debug|Any CPU.ActiveCfg = Debug|Any CPU
		{824D0683-5EC3-4327-B7E1-835981203F4B}.Debug|Any CPU.Build.0 = Debug|Any CPU
		{824D0683-5EC3-4327-B7E1-835981203F4B}.Debug|x64.ActiveCfg = Debug|Any CPU
		{824D0683-5EC3-4327-B7E1-835981203F4B}.Debug|x64.Build.0 = Debug|Any CPU
		{824D0683-5EC3-4327-B7E1-835981203F4B}.Debug|x86.ActiveCfg = Debug|Any CPU
		{824D0683-5EC3-4327-B7E1-835981203F4B}.Debug|x86.Build.0 = Debug|Any CPU
		{824D0683-5EC3-4327-B7E1-835981203F4B}.Release|Any CPU.ActiveCfg = Release|Any CPU
		{824D0683-5EC3-4327-B7E1-835981203F4B}.Release|Any CPU.Build.0 = Release|Any CPU
		{824D0683-5EC3-4327-B7E1-835981203F4B}.Release|x64.ActiveCfg = Release|Any CPU
		{824D0683-5EC3-4327-B7E1-835981203F4B}.Release|x64.Build.0 = Release|Any CPU
		{824D0683-5EC3-4327-B7E1-835981203F4B}.Release|x86.ActiveCfg = Release|Any CPU
		{824D0683-5EC3-4327-B7E1-835981203F4B}.Release|x86.Build.0 = Release|Any CPU
		{F0ED5863-7581-4EC5-8F3B-3177C42549EC}.Debug|Any CPU.ActiveCfg = Debug|Any CPU
		{F0ED5863-7581-4EC5-8F3B-3177C42549EC}.Debug|Any CPU.Build.0 = Debug|Any CPU
		{F0ED5863-7581-4EC5-8F3B-3177C42549EC}.Debug|x64.ActiveCfg = Debug|Any CPU
		{F0ED5863-7581-4EC5-8F3B-3177C42549EC}.Debug|x64.Build.0 = Debug|Any CPU
		{F0ED5863-7581-4EC5-8F3B-3177C42549EC}.Debug|x86.ActiveCfg = Debug|Any CPU
		{F0ED5863-7581-4EC5-8F3B-3177C42549EC}.Debug|x86.Build.0 = Debug|Any CPU
		{F0ED5863-7581-4EC5-8F3B-3177C42549EC}.Release|Any CPU.ActiveCfg = Release|Any CPU
		{F0ED5863-7581-4EC5-8F3B-3177C42549EC}.Release|Any CPU.Build.0 = Release|Any CPU
		{F0ED5863-7581-4EC5-8F3B-3177C42549EC}.Release|x64.ActiveCfg = Release|Any CPU
		{F0ED5863-7581-4EC5-8F3B-3177C42549EC}.Release|x64.Build.0 = Release|Any CPU
		{F0ED5863-7581-4EC5-8F3B-3177C42549EC}.Release|x86.ActiveCfg = Release|Any CPU
		{F0ED5863-7581-4EC5-8F3B-3177C42549EC}.Release|x86.Build.0 = Release|Any CPU
	EndGlobalSection
	GlobalSection(SolutionProperties) = preSolution
		HideSolutionNode = FALSE
	EndGlobalSection
	GlobalSection(NestedProjects) = preSolution
		{D875F67C-7582-4ECA-BF60-0A8D9F95054A} = {827E0CD3-B72D-47B6-A68D-7590B98EB39B}
		{4C8B0D1F-D9E9-40B0-B92F-BE3BED76DA6F} = {827E0CD3-B72D-47B6-A68D-7590B98EB39B}
		{A04B4DC9-6D53-413F-8C83-D3B18D27894F} = {827E0CD3-B72D-47B6-A68D-7590B98EB39B}
		{B97B89B0-957E-4242-8857-CC021C0C576B} = {827E0CD3-B72D-47B6-A68D-7590B98EB39B}
		{8C87A882-B884-46F9-B2AF-2414908E7539} = {827E0CD3-B72D-47B6-A68D-7590B98EB39B}
		{9C75981C-C12F-418F-AAB9-929C078D3B5B} = {827E0CD3-B72D-47B6-A68D-7590B98EB39B}
		{7EC26FB6-DC6F-4FD6-864D-794E11795456} = {0AB3BF05-4346-4AA6-1389-037BE0695223}
		{C12C120B-FF83-4815-BD7B-CEDBB10D5D32} = {0AB3BF05-4346-4AA6-1389-037BE0695223}
		{824D0683-5EC3-4327-B7E1-835981203F4B} = {0AB3BF05-4346-4AA6-1389-037BE0695223}
		{F0ED5863-7581-4EC5-8F3B-3177C42549EC} = {0AB3BF05-4346-4AA6-1389-037BE0695223}
	EndGlobalSection
EndGlobal
